// !$*UTF8*$!
{
	archiveVersion = 1;
	classes = {
	};
	objectVersion = 55;
	objects = {

/* Begin PBXBuildFile section */
		1F11D08A27BCEC6500C470A6 /* AppDelegate.swift in Sources */ = {isa = PBXBuildFile; fileRef = 1F11D08927BCEC6500C470A6 /* AppDelegate.swift */; };
		1F11D08E27BCEC6500C470A6 /* MainScreenViewController.swift in Sources */ = {isa = PBXBuildFile; fileRef = 1F11D08D27BCEC6500C470A6 /* MainScreenViewController.swift */; };
		1F11D09327BCEC6800C470A6 /* Assets.xcassets in Resources */ = {isa = PBXBuildFile; fileRef = 1F11D09227BCEC6800C470A6 /* Assets.xcassets */; };
		1F11D09627BCEC6800C470A6 /* LaunchScreen.storyboard in Resources */ = {isa = PBXBuildFile; fileRef = 1F11D09427BCEC6800C470A6 /* LaunchScreen.storyboard */; };
		1F11D0A427BCFCC400C470A6 /* PictureModel.swift in Sources */ = {isa = PBXBuildFile; fileRef = 1F11D0A327BCFCC400C470A6 /* PictureModel.swift */; };
		1F1DC63927BE845B008EF8BF /* MainScreenCell.swift in Sources */ = {isa = PBXBuildFile; fileRef = 1F1DC63827BE845B008EF8BF /* MainScreenCell.swift */; };
		1F8DDB2C27BF7CCE004DD7E9 /* Nuke in Frameworks */ = {isa = PBXBuildFile; productRef = 1F8DDB2B27BF7CCE004DD7E9 /* Nuke */; };
		1F95FE2627BE2DBD002000D0 /* NetworkManager.swift in Sources */ = {isa = PBXBuildFile; fileRef = 1F95FE2527BE2DBD002000D0 /* NetworkManager.swift */; };
		1F95FE2827BE309B002000D0 /* Constants.swift in Sources */ = {isa = PBXBuildFile; fileRef = 1F95FE2727BE309B002000D0 /* Constants.swift */; };
		1F95FE2B27BE4A57002000D0 /* Alamofire in Frameworks */ = {isa = PBXBuildFile; productRef = 1F95FE2A27BE4A57002000D0 /* Alamofire */; };
		1F95FE2E27BE7B47002000D0 /* SnapKit in Frameworks */ = {isa = PBXBuildFile; productRef = 1F95FE2D27BE7B47002000D0 /* SnapKit */; };
		1F9E24E927C2305B0069ADAA /* MainScreenCellViewModelType.swift in Sources */ = {isa = PBXBuildFile; fileRef = 1F9E24E827C2305B0069ADAA /* MainScreenCellViewModelType.swift */; };
		1F9E24EB27C231680069ADAA /* MainScreenCellViewModel.swift in Sources */ = {isa = PBXBuildFile; fileRef = 1F9E24EA27C231680069ADAA /* MainScreenCellViewModel.swift */; };
		1F9EBC5427C17915006455C2 /* Box.swift in Sources */ = {isa = PBXBuildFile; fileRef = 1F9EBC5327C17915006455C2 /* Box.swift */; };
		1FBFC59527C2A5FA0099D882 /* Picture.swift in Sources */ = {isa = PBXBuildFile; fileRef = 1FBFC59427C2A5FA0099D882 /* Picture.swift */; };
		1FBFC59727C2B30F0099D882 /* DetailedViewController.swift in Sources */ = {isa = PBXBuildFile; fileRef = 1FBFC59627C2B30F0099D882 /* DetailedViewController.swift */; };
		1FBFC59927C2B3390099D882 /* DetailedViewModelType.swift in Sources */ = {isa = PBXBuildFile; fileRef = 1FBFC59827C2B3390099D882 /* DetailedViewModelType.swift */; };
		1FBFC59B27C2B5D10099D882 /* DetailedViewModel.swift in Sources */ = {isa = PBXBuildFile; fileRef = 1FBFC59A27C2B5D10099D882 /* DetailedViewModel.swift */; };
		1FC2897227C129F600098133 /* MainScreenViewModelType.swift in Sources */ = {isa = PBXBuildFile; fileRef = 1FC2897127C129F600098133 /* MainScreenViewModelType.swift */; };
		1FC2897427C12E7A00098133 /* MainScreenViewModel.swift in Sources */ = {isa = PBXBuildFile; fileRef = 1FC2897327C12E7A00098133 /* MainScreenViewModel.swift */; };
/* End PBXBuildFile section */

/* Begin PBXFileReference section */
		1F11D08627BCEC6500C470A6 /* Find'n'Share.app */ = {isa = PBXFileReference; explicitFileType = wrapper.application; includeInIndex = 0; path = "Find'n'Share.app"; sourceTree = BUILT_PRODUCTS_DIR; };
		1F11D08927BCEC6500C470A6 /* AppDelegate.swift */ = {isa = PBXFileReference; lastKnownFileType = sourcecode.swift; path = AppDelegate.swift; sourceTree = "<group>"; };
		1F11D08D27BCEC6500C470A6 /* MainScreenViewController.swift */ = {isa = PBXFileReference; lastKnownFileType = sourcecode.swift; path = MainScreenViewController.swift; sourceTree = "<group>"; };
		1F11D09227BCEC6800C470A6 /* Assets.xcassets */ = {isa = PBXFileReference; lastKnownFileType = folder.assetcatalog; path = Assets.xcassets; sourceTree = "<group>"; };
		1F11D09527BCEC6800C470A6 /* Base */ = {isa = PBXFileReference; lastKnownFileType = file.storyboard; name = Base; path = Base.lproj/LaunchScreen.storyboard; sourceTree = "<group>"; };
		1F11D09727BCEC6800C470A6 /* Info.plist */ = {isa = PBXFileReference; lastKnownFileType = text.plist.xml; path = Info.plist; sourceTree = "<group>"; };
		1F11D0A327BCFCC400C470A6 /* PictureModel.swift */ = {isa = PBXFileReference; lastKnownFileType = sourcecode.swift; path = PictureModel.swift; sourceTree = "<group>"; };
		1F1DC63827BE845B008EF8BF /* MainScreenCell.swift */ = {isa = PBXFileReference; lastKnownFileType = sourcecode.swift; path = MainScreenCell.swift; sourceTree = "<group>"; };
		1F95FE2527BE2DBD002000D0 /* NetworkManager.swift */ = {isa = PBXFileReference; lastKnownFileType = sourcecode.swift; path = NetworkManager.swift; sourceTree = "<group>"; };
		1F95FE2727BE309B002000D0 /* Constants.swift */ = {isa = PBXFileReference; lastKnownFileType = sourcecode.swift; path = Constants.swift; sourceTree = "<group>"; };
		1F9E24E827C2305B0069ADAA /* MainScreenCellViewModelType.swift */ = {isa = PBXFileReference; lastKnownFileType = sourcecode.swift; path = MainScreenCellViewModelType.swift; sourceTree = "<group>"; };
		1F9E24EA27C231680069ADAA /* MainScreenCellViewModel.swift */ = {isa = PBXFileReference; lastKnownFileType = sourcecode.swift; path = MainScreenCellViewModel.swift; sourceTree = "<group>"; };
		1F9EBC5327C17915006455C2 /* Box.swift */ = {isa = PBXFileReference; lastKnownFileType = sourcecode.swift; path = Box.swift; sourceTree = "<group>"; };
		1FBFC59427C2A5FA0099D882 /* Picture.swift */ = {isa = PBXFileReference; lastKnownFileType = sourcecode.swift; path = Picture.swift; sourceTree = "<group>"; };
		1FBFC59627C2B30F0099D882 /* DetailedViewController.swift */ = {isa = PBXFileReference; lastKnownFileType = sourcecode.swift; path = DetailedViewController.swift; sourceTree = "<group>"; };
		1FBFC59827C2B3390099D882 /* DetailedViewModelType.swift */ = {isa = PBXFileReference; lastKnownFileType = sourcecode.swift; path = DetailedViewModelType.swift; sourceTree = "<group>"; };
		1FBFC59A27C2B5D10099D882 /* DetailedViewModel.swift */ = {isa = PBXFileReference; lastKnownFileType = sourcecode.swift; path = DetailedViewModel.swift; sourceTree = "<group>"; };
		1FC2897127C129F600098133 /* MainScreenViewModelType.swift */ = {isa = PBXFileReference; lastKnownFileType = sourcecode.swift; path = MainScreenViewModelType.swift; sourceTree = "<group>"; };
		1FC2897327C12E7A00098133 /* MainScreenViewModel.swift */ = {isa = PBXFileReference; lastKnownFileType = sourcecode.swift; path = MainScreenViewModel.swift; sourceTree = "<group>"; };
/* End PBXFileReference section */

/* Begin PBXFrameworksBuildPhase section */
		1F11D08327BCEC6500C470A6 /* Frameworks */ = {
			isa = PBXFrameworksBuildPhase;
			buildActionMask = 2147483647;
			files = (
				1F8DDB2C27BF7CCE004DD7E9 /* Nuke in Frameworks */,
				1F95FE2B27BE4A57002000D0 /* Alamofire in Frameworks */,
				1F95FE2E27BE7B47002000D0 /* SnapKit in Frameworks */,
			);
			runOnlyForDeploymentPostprocessing = 0;
		};
/* End PBXFrameworksBuildPhase section */

/* Begin PBXGroup section */
		1F11D07D27BCEC6500C470A6 = {
			isa = PBXGroup;
			children = (
				1F11D08827BCEC6500C470A6 /* Find'n'Share */,
				1F11D08727BCEC6500C470A6 /* Products */,
			);
			sourceTree = "<group>";
		};
		1F11D08727BCEC6500C470A6 /* Products */ = {
			isa = PBXGroup;
			children = (
				1F11D08627BCEC6500C470A6 /* Find'n'Share.app */,
			);
			name = Products;
			sourceTree = "<group>";
		};
		1F11D08827BCEC6500C470A6 /* Find'n'Share */ = {
			isa = PBXGroup;
			children = (
				1F95FE2427BE2D99002000D0 /* Services */,
				1F11D0A227BCFC4A00C470A6 /* Protocols */,
				1F11D0A127BCFC3B00C470A6 /* ViewModels */,
				1F11D0A027BCFC2A00C470A6 /* Models */,
				1F11D09F27BCFA9F00C470A6 /* Supporting files */,
				1F11D09E27BCFA5300C470A6 /* Views */,
				1F11D09D27BCFA1500C470A6 /* Storyboards */,
			);
			path = "Find'n'Share";
			sourceTree = "<group>";
		};
		1F11D09D27BCFA1500C470A6 /* Storyboards */ = {
			isa = PBXGroup;
			children = (
				1F11D09427BCEC6800C470A6 /* LaunchScreen.storyboard */,
			);
			path = Storyboards;
			sourceTree = "<group>";
		};
		1F11D09E27BCFA5300C470A6 /* Views */ = {
			isa = PBXGroup;
			children = (
				1F11D08D27BCEC6500C470A6 /* MainScreenViewController.swift */,
				1F1DC63827BE845B008EF8BF /* MainScreenCell.swift */,
				1FBFC59627C2B30F0099D882 /* DetailedViewController.swift */,
			);
			path = Views;
			sourceTree = "<group>";
		};
		1F11D09F27BCFA9F00C470A6 /* Supporting files */ = {
			isa = PBXGroup;
			children = (
				1F11D08927BCEC6500C470A6 /* AppDelegate.swift */,
				1F11D09227BCEC6800C470A6 /* Assets.xcassets */,
				1F11D09727BCEC6800C470A6 /* Info.plist */,
				1F9EBC5327C17915006455C2 /* Box.swift */,
			);
			path = "Supporting files";
			sourceTree = "<group>";
		};
		1F11D0A027BCFC2A00C470A6 /* Models */ = {
			isa = PBXGroup;
			children = (
				1F11D0A327BCFCC400C470A6 /* PictureModel.swift */,
				1FBFC59427C2A5FA0099D882 /* Picture.swift */,
			);
			path = Models;
			sourceTree = "<group>";
		};
		1F11D0A127BCFC3B00C470A6 /* ViewModels */ = {
			isa = PBXGroup;
			children = (
				1FC2897327C12E7A00098133 /* MainScreenViewModel.swift */,
				1F9E24EA27C231680069ADAA /* MainScreenCellViewModel.swift */,
				1FBFC59A27C2B5D10099D882 /* DetailedViewModel.swift */,
			);
			path = ViewModels;
			sourceTree = "<group>";
		};
		1F11D0A227BCFC4A00C470A6 /* Protocols */ = {
			isa = PBXGroup;
			children = (
				1FC2897127C129F600098133 /* MainScreenViewModelType.swift */,
				1F9E24E827C2305B0069ADAA /* MainScreenCellViewModelType.swift */,
				1FBFC59827C2B3390099D882 /* DetailedViewModelType.swift */,
			);
			path = Protocols;
			sourceTree = "<group>";
		};
		1F95FE2427BE2D99002000D0 /* Services */ = {
			isa = PBXGroup;
			children = (
				1F95FE2527BE2DBD002000D0 /* NetworkManager.swift */,
				1F95FE2727BE309B002000D0 /* Constants.swift */,
			);
			path = Services;
			sourceTree = "<group>";
		};
/* End PBXGroup section */

/* Begin PBXNativeTarget section */
		1F11D08527BCEC6500C470A6 /* Find'n'Share */ = {
			isa = PBXNativeTarget;
			buildConfigurationList = 1F11D09A27BCEC6800C470A6 /* Build configuration list for PBXNativeTarget "Find'n'Share" */;
			buildPhases = (
				1F11D08227BCEC6500C470A6 /* Sources */,
				1F11D08327BCEC6500C470A6 /* Frameworks */,
				1F11D08427BCEC6500C470A6 /* Resources */,
			);
			buildRules = (
			);
			dependencies = (
			);
			name = "Find'n'Share";
			packageProductDependencies = (
				1F95FE2A27BE4A57002000D0 /* Alamofire */,
				1F95FE2D27BE7B47002000D0 /* SnapKit */,
				1F8DDB2B27BF7CCE004DD7E9 /* Nuke */,
			);
			productName = "Find'n'Share";
			productReference = 1F11D08627BCEC6500C470A6 /* Find'n'Share.app */;
			productType = "com.apple.product-type.application";
		};
/* End PBXNativeTarget section */

/* Begin PBXProject section */
		1F11D07E27BCEC6500C470A6 /* Project object */ = {
			isa = PBXProject;
			attributes = {
				BuildIndependentTargetsInParallel = 1;
				LastSwiftUpdateCheck = 1320;
				LastUpgradeCheck = 1320;
				TargetAttributes = {
					1F11D08527BCEC6500C470A6 = {
						CreatedOnToolsVersion = 13.2.1;
					};
				};
			};
			buildConfigurationList = 1F11D08127BCEC6500C470A6 /* Build configuration list for PBXProject "Find'n'Share" */;
			compatibilityVersion = "Xcode 13.0";
			developmentRegion = en;
			hasScannedForEncodings = 0;
			knownRegions = (
				en,
				Base,
			);
			mainGroup = 1F11D07D27BCEC6500C470A6;
			packageReferences = (
				1F95FE2927BE4A57002000D0 /* XCRemoteSwiftPackageReference "Alamofire" */,
				1F95FE2C27BE7B47002000D0 /* XCRemoteSwiftPackageReference "SnapKit" */,
				1F8DDB2A27BF7CCE004DD7E9 /* XCRemoteSwiftPackageReference "Nuke" */,
			);
			productRefGroup = 1F11D08727BCEC6500C470A6 /* Products */;
			projectDirPath = "";
			projectRoot = "";
			targets = (
				1F11D08527BCEC6500C470A6 /* Find'n'Share */,
			);
		};
/* End PBXProject section */

/* Begin PBXResourcesBuildPhase section */
		1F11D08427BCEC6500C470A6 /* Resources */ = {
			isa = PBXResourcesBuildPhase;
			buildActionMask = 2147483647;
			files = (
				1F11D09627BCEC6800C470A6 /* LaunchScreen.storyboard in Resources */,
				1F11D09327BCEC6800C470A6 /* Assets.xcassets in Resources */,
			);
			runOnlyForDeploymentPostprocessing = 0;
		};
/* End PBXResourcesBuildPhase section */

/* Begin PBXSourcesBuildPhase section */
		1F11D08227BCEC6500C470A6 /* Sources */ = {
			isa = PBXSourcesBuildPhase;
			buildActionMask = 2147483647;
			files = (
				1FBFC59B27C2B5D10099D882 /* DetailedViewModel.swift in Sources */,
				1FBFC59727C2B30F0099D882 /* DetailedViewController.swift in Sources */,
				1FBFC59527C2A5FA0099D882 /* Picture.swift in Sources */,
				1F1DC63927BE845B008EF8BF /* MainScreenCell.swift in Sources */,
				1F9E24EB27C231680069ADAA /* MainScreenCellViewModel.swift in Sources */,
				1F95FE2827BE309B002000D0 /* Constants.swift in Sources */,
				1F95FE2627BE2DBD002000D0 /* NetworkManager.swift in Sources */,
				1FBFC59927C2B3390099D882 /* DetailedViewModelType.swift in Sources */,
				1F11D0A427BCFCC400C470A6 /* PictureModel.swift in Sources */,
				1F11D08E27BCEC6500C470A6 /* MainScreenViewController.swift in Sources */,
				1F9EBC5427C17915006455C2 /* Box.swift in Sources */,
				1FC2897427C12E7A00098133 /* MainScreenViewModel.swift in Sources */,
				1F9E24E927C2305B0069ADAA /* MainScreenCellViewModelType.swift in Sources */,
				1FC2897227C129F600098133 /* MainScreenViewModelType.swift in Sources */,
				1F11D08A27BCEC6500C470A6 /* AppDelegate.swift in Sources */,
			);
			runOnlyForDeploymentPostprocessing = 0;
		};
/* End PBXSourcesBuildPhase section */

/* Begin PBXVariantGroup section */
		1F11D09427BCEC6800C470A6 /* LaunchScreen.storyboard */ = {
			isa = PBXVariantGroup;
			children = (
				1F11D09527BCEC6800C470A6 /* Base */,
			);
			name = LaunchScreen.storyboard;
			sourceTree = "<group>";
		};
/* End PBXVariantGroup section */

/* Begin XCBuildConfiguration section */
		1F11D09827BCEC6800C470A6 /* Debug */ = {
			isa = XCBuildConfiguration;
			buildSettings = {
				ALWAYS_SEARCH_USER_PATHS = NO;
				CLANG_ANALYZER_NONNULL = YES;
				CLANG_ANALYZER_NUMBER_OBJECT_CONVERSION = YES_AGGRESSIVE;
				CLANG_CXX_LANGUAGE_STANDARD = "gnu++17";
				CLANG_CXX_LIBRARY = "libc++";
				CLANG_ENABLE_MODULES = YES;
				CLANG_ENABLE_OBJC_ARC = YES;
				CLANG_ENABLE_OBJC_WEAK = YES;
				CLANG_WARN_BLOCK_CAPTURE_AUTORELEASING = YES;
				CLANG_WARN_BOOL_CONVERSION = YES;
				CLANG_WARN_COMMA = YES;
				CLANG_WARN_CONSTANT_CONVERSION = YES;
				CLANG_WARN_DEPRECATED_OBJC_IMPLEMENTATIONS = YES;
				CLANG_WARN_DIRECT_OBJC_ISA_USAGE = YES_ERROR;
				CLANG_WARN_DOCUMENTATION_COMMENTS = YES;
				CLANG_WARN_EMPTY_BODY = YES;
				CLANG_WARN_ENUM_CONVERSION = YES;
				CLANG_WARN_INFINITE_RECURSION = YES;
				CLANG_WARN_INT_CONVERSION = YES;
				CLANG_WARN_NON_LITERAL_NULL_CONVERSION = YES;
				CLANG_WARN_OBJC_IMPLICIT_RETAIN_SELF = YES;
				CLANG_WARN_OBJC_LITERAL_CONVERSION = YES;
				CLANG_WARN_OBJC_ROOT_CLASS = YES_ERROR;
				CLANG_WARN_QUOTED_INCLUDE_IN_FRAMEWORK_HEADER = YES;
				CLANG_WARN_RANGE_LOOP_ANALYSIS = YES;
				CLANG_WARN_STRICT_PROTOTYPES = YES;
				CLANG_WARN_SUSPICIOUS_MOVE = YES;
				CLANG_WARN_UNGUARDED_AVAILABILITY = YES_AGGRESSIVE;
				CLANG_WARN_UNREACHABLE_CODE = YES;
				CLANG_WARN__DUPLICATE_METHOD_MATCH = YES;
				COPY_PHASE_STRIP = NO;
				DEBUG_INFORMATION_FORMAT = dwarf;
				ENABLE_STRICT_OBJC_MSGSEND = YES;
				ENABLE_TESTABILITY = YES;
				GCC_C_LANGUAGE_STANDARD = gnu11;
				GCC_DYNAMIC_NO_PIC = NO;
				GCC_NO_COMMON_BLOCKS = YES;
				GCC_OPTIMIZATION_LEVEL = 0;
				GCC_PREPROCESSOR_DEFINITIONS = (
					"DEBUG=1",
					"$(inherited)",
				);
				GCC_WARN_64_TO_32_BIT_CONVERSION = YES;
				GCC_WARN_ABOUT_RETURN_TYPE = YES_ERROR;
				GCC_WARN_UNDECLARED_SELECTOR = YES;
				GCC_WARN_UNINITIALIZED_AUTOS = YES_AGGRESSIVE;
				GCC_WARN_UNUSED_FUNCTION = YES;
				GCC_WARN_UNUSED_VARIABLE = YES;
				IPHONEOS_DEPLOYMENT_TARGET = 15.2;
				MTL_ENABLE_DEBUG_INFO = INCLUDE_SOURCE;
				MTL_FAST_MATH = YES;
				ONLY_ACTIVE_ARCH = YES;
				SDKROOT = iphoneos;
				SWIFT_ACTIVE_COMPILATION_CONDITIONS = DEBUG;
				SWIFT_OPTIMIZATION_LEVEL = "-Onone";
			};
			name = Debug;
		};
		1F11D09927BCEC6800C470A6 /* Release */ = {
			isa = XCBuildConfiguration;
			buildSettings = {
				ALWAYS_SEARCH_USER_PATHS = NO;
				CLANG_ANALYZER_NONNULL = YES;
				CLANG_ANALYZER_NUMBER_OBJECT_CONVERSION = YES_AGGRESSIVE;
				CLANG_CXX_LANGUAGE_STANDARD = "gnu++17";
				CLANG_CXX_LIBRARY = "libc++";
				CLANG_ENABLE_MODULES = YES;
				CLANG_ENABLE_OBJC_ARC = YES;
				CLANG_ENABLE_OBJC_WEAK = YES;
				CLANG_WARN_BLOCK_CAPTURE_AUTORELEASING = YES;
				CLANG_WARN_BOOL_CONVERSION = YES;
				CLANG_WARN_COMMA = YES;
				CLANG_WARN_CONSTANT_CONVERSION = YES;
				CLANG_WARN_DEPRECATED_OBJC_IMPLEMENTATIONS = YES;
				CLANG_WARN_DIRECT_OBJC_ISA_USAGE = YES_ERROR;
				CLANG_WARN_DOCUMENTATION_COMMENTS = YES;
				CLANG_WARN_EMPTY_BODY = YES;
				CLANG_WARN_ENUM_CONVERSION = YES;
				CLANG_WARN_INFINITE_RECURSION = YES;
				CLANG_WARN_INT_CONVERSION = YES;
				CLANG_WARN_NON_LITERAL_NULL_CONVERSION = YES;
				CLANG_WARN_OBJC_IMPLICIT_RETAIN_SELF = YES;
				CLANG_WARN_OBJC_LITERAL_CONVERSION = YES;
				CLANG_WARN_OBJC_ROOT_CLASS = YES_ERROR;
				CLANG_WARN_QUOTED_INCLUDE_IN_FRAMEWORK_HEADER = YES;
				CLANG_WARN_RANGE_LOOP_ANALYSIS = YES;
				CLANG_WARN_STRICT_PROTOTYPES = YES;
				CLANG_WARN_SUSPICIOUS_MOVE = YES;
				CLANG_WARN_UNGUARDED_AVAILABILITY = YES_AGGRESSIVE;
				CLANG_WARN_UNREACHABLE_CODE = YES;
				CLANG_WARN__DUPLICATE_METHOD_MATCH = YES;
				COPY_PHASE_STRIP = NO;
				DEBUG_INFORMATION_FORMAT = "dwarf-with-dsym";
				ENABLE_NS_ASSERTIONS = NO;
				ENABLE_STRICT_OBJC_MSGSEND = YES;
				GCC_C_LANGUAGE_STANDARD = gnu11;
				GCC_NO_COMMON_BLOCKS = YES;
				GCC_WARN_64_TO_32_BIT_CONVERSION = YES;
				GCC_WARN_ABOUT_RETURN_TYPE = YES_ERROR;
				GCC_WARN_UNDECLARED_SELECTOR = YES;
				GCC_WARN_UNINITIALIZED_AUTOS = YES_AGGRESSIVE;
				GCC_WARN_UNUSED_FUNCTION = YES;
				GCC_WARN_UNUSED_VARIABLE = YES;
				IPHONEOS_DEPLOYMENT_TARGET = 15.2;
				MTL_ENABLE_DEBUG_INFO = NO;
				MTL_FAST_MATH = YES;
				SDKROOT = iphoneos;
				SWIFT_COMPILATION_MODE = wholemodule;
				SWIFT_OPTIMIZATION_LEVEL = "-O";
				VALIDATE_PRODUCT = YES;
			};
			name = Release;
		};
		1F11D09B27BCEC6800C470A6 /* Debug */ = {
			isa = XCBuildConfiguration;
			buildSettings = {
				ASSETCATALOG_COMPILER_APPICON_NAME = AppIcon;
				ASSETCATALOG_COMPILER_GLOBAL_ACCENT_COLOR_NAME = AccentColor;
				CODE_SIGN_STYLE = Automatic;
				CURRENT_PROJECT_VERSION = 1;
				DEVELOPMENT_TEAM = JKCU96H3SQ;
				GENERATE_INFOPLIST_FILE = YES;
				INFOPLIST_FILE = "Find'n'Share/Supporting files/Info.plist";
				INFOPLIST_KEY_UIApplicationSupportsIndirectInputEvents = YES;
				INFOPLIST_KEY_UILaunchStoryboardName = LaunchScreen;
				INFOPLIST_KEY_UISupportedInterfaceOrientations = UIInterfaceOrientationPortrait;
				INFOPLIST_KEY_UISupportedInterfaceOrientations_iPad = "UIInterfaceOrientationPortrait UIInterfaceOrientationPortraitUpsideDown UIInterfaceOrientationLandscapeLeft UIInterfaceOrientationLandscapeRight";
				INFOPLIST_KEY_UISupportedInterfaceOrientations_iPhone = "UIInterfaceOrientationPortrait UIInterfaceOrientationLandscapeLeft UIInterfaceOrientationLandscapeRight";
				IPHONEOS_DEPLOYMENT_TARGET = 13.0;
				LD_RUNPATH_SEARCH_PATHS = (
					"$(inherited)",
					"@executable_path/Frameworks",
				);
				MARKETING_VERSION = 1.0;
				PRODUCT_BUNDLE_IDENTIFIER = "nikolaev.Find-n-Share";
				PRODUCT_NAME = "$(TARGET_NAME)";
				SWIFT_EMIT_LOC_STRINGS = YES;
				SWIFT_VERSION = 5.0;
				TARGETED_DEVICE_FAMILY = 1;
			};
			name = Debug;
		};
		1F11D09C27BCEC6800C470A6 /* Release */ = {
			isa = XCBuildConfiguration;
			buildSettings = {
				ASSETCATALOG_COMPILER_APPICON_NAME = AppIcon;
				ASSETCATALOG_COMPILER_GLOBAL_ACCENT_COLOR_NAME = AccentColor;
				CODE_SIGN_STYLE = Automatic;
				CURRENT_PROJECT_VERSION = 1;
				DEVELOPMENT_TEAM = JKCU96H3SQ;
				GENERATE_INFOPLIST_FILE = YES;
				INFOPLIST_FILE = "Find'n'Share/Supporting files/Info.plist";
				INFOPLIST_KEY_UIApplicationSupportsIndirectInputEvents = YES;
				INFOPLIST_KEY_UILaunchStoryboardName = LaunchScreen;
				INFOPLIST_KEY_UISupportedInterfaceOrientations = UIInterfaceOrientationPortrait;
				INFOPLIST_KEY_UISupportedInterfaceOrientations_iPad = "UIInterfaceOrientationPortrait UIInterfaceOrientationPortraitUpsideDown UIInterfaceOrientationLandscapeLeft UIInterfaceOrientationLandscapeRight";
				INFOPLIST_KEY_UISupportedInterfaceOrientations_iPhone = "UIInterfaceOrientationPortrait UIInterfaceOrientationLandscapeLeft UIInterfaceOrientationLandscapeRight";
				IPHONEOS_DEPLOYMENT_TARGET = 13.0;
				LD_RUNPATH_SEARCH_PATHS = (
					"$(inherited)",
					"@executable_path/Frameworks",
				);
				MARKETING_VERSION = 1.0;
				PRODUCT_BUNDLE_IDENTIFIER = "nikolaev.Find-n-Share";
				PRODUCT_NAME = "$(TARGET_NAME)";
				SWIFT_EMIT_LOC_STRINGS = YES;
				SWIFT_VERSION = 5.0;
				TARGETED_DEVICE_FAMILY = 1;
			};
			name = Release;
		};
/* End XCBuildConfiguration section */

/* Begin XCConfigurationList section */
		1F11D08127BCEC6500C470A6 /* Build configuration list for PBXProject "Find'n'Share" */ = {
			isa = XCConfigurationList;
			buildConfigurations = (
				1F11D09827BCEC6800C470A6 /* Debug */,
				1F11D09927BCEC6800C470A6 /* Release */,
			);
			defaultConfigurationIsVisible = 0;
			defaultConfigurationName = Release;
		};
		1F11D09A27BCEC6800C470A6 /* Build configuration list for PBXNativeTarget "Find'n'Share" */ = {
			isa = XCConfigurationList;
			buildConfigurations = (
				1F11D09B27BCEC6800C470A6 /* Debug */,
				1F11D09C27BCEC6800C470A6 /* Release */,
			);
			defaultConfigurationIsVisible = 0;
			defaultConfigurationName = Release;
		};
/* End XCConfigurationList section */

/* Begin XCRemoteSwiftPackageReference section */
		1F8DDB2A27BF7CCE004DD7E9 /* XCRemoteSwiftPackageReference "Nuke" */ = {
			isa = XCRemoteSwiftPackageReference;
			repositoryURL = "https://github.com/kean/Nuke";
			requirement = {
				kind = upToNextMajorVersion;
				minimumVersion = 9.0.0;
			};
		};
		1F95FE2927BE4A57002000D0 /* XCRemoteSwiftPackageReference "Alamofire" */ = {
			isa = XCRemoteSwiftPackageReference;
			repositoryURL = "https://github.com/Alamofire/Alamofire";
			requirement = {
				kind = upToNextMajorVersion;
				minimumVersion = 5.0.0;
			};
		};
		1F95FE2C27BE7B47002000D0 /* XCRemoteSwiftPackageReference "SnapKit" */ = {
			isa = XCRemoteSwiftPackageReference;
			repositoryURL = "https://github.com/SnapKit/SnapKit";
			requirement = {
				kind = upToNextMajorVersion;
				minimumVersion = 5.0.0;
			};
		};
/* End XCRemoteSwiftPackageReference section */

/* Begin XCSwiftPackageProductDependency section */
		1F8DDB2B27BF7CCE004DD7E9 /* Nuke */ = {
			isa = XCSwiftPackageProductDependency;
			package = 1F8DDB2A27BF7CCE004DD7E9 /* XCRemoteSwiftPackageReference "Nuke" */;
			productName = Nuke;
		};
		1F95FE2A27BE4A57002000D0 /* Alamofire */ = {
			isa = XCSwiftPackageProductDependency;
			package = 1F95FE2927BE4A57002000D0 /* XCRemoteSwiftPackageReference "Alamofire" */;
			productName = Alamofire;
		};
		1F95FE2D27BE7B47002000D0 /* SnapKit */ = {
			isa = XCSwiftPackageProductDependency;
			package = 1F95FE2C27BE7B47002000D0 /* XCRemoteSwiftPackageReference "SnapKit" */;
			productName = SnapKit;
		};
/* End XCSwiftPackageProductDependency section */
	};
	rootObject = 1F11D07E27BCEC6500C470A6 /* Project object */;
}
